
Microsoft Visual Studio Solution File, Format Version 12.00
# Visual Studio Version 17
VisualStudioVersion = 17.5.33516.290
MinimumVisualStudioVersion = 10.0.40219.1
Project("{FAE04EC0-301F-11D3-BF4B-00C04F79EFBC}") = "ApiFileUpload", "ApiFileUpload\ApiFileUpload.csproj", "{7052BFF1-5CEB-4F24-9787-3076BC701FBF}"
EndProject
Global
	GlobalSection(SolutionConfigurationPlatforms) = preSolution
		Debug|Any CPU = Debug|Any CPU
		Release|Any CPU = Release|Any CPU
	EndGlobalSection
	GlobalSection(ProjectConfigurationPlatforms) = postSolution
		{7052BFF1-5CEB-4F24-9787-3076BC701FBF}.Debug|Any CPU.ActiveCfg = Debug|Any CPU
		{7052BFF1-5CEB-4F24-9787-3076BC701FBF}.Debug|Any CPU.Build.0 = Debug|Any CPU
		{7052BFF1-5CEB-4F24-9787-3076BC701FBF}.Release|Any CPU.ActiveCfg = Release|Any CPU
		{7052BFF1-5CEB-4F24-9787-3076BC701FBF}.Release|Any CPU.Build.0 = Release|Any CPU
	EndGlobalSection
	GlobalSection(SolutionProperties) = preSolution
		HideSolutionNode = FALSE
	EndGlobalSection
	GlobalSection(ExtensibilityGlobals) = postSolution
		SolutionGuid = {CC268120-B108-472B-B766-F4B499D2FD1C}
	EndGlobalSection
EndGlobal
